
Microsoft Visual Studio Solution File, Format Version 12.00
# Visual Studio 2012
Project("{FAE04EC0-301F-11D3-BF4B-00C04F79EFBC}") = "miapp", "miapp\miapp.csproj", "{A7D16864-1062-4730-9D21-85C1C4D9C452}"
EndProject
Project("{FAE04EC0-301F-11D3-BF4B-00C04F79EFBC}") = "miapp.iOS", "iOS\miapp.iOS.csproj", "{FC144E10-5DE9-4CC4-A4BE-C6DD6B89F406}"
EndProject
Project("{FAE04EC0-301F-11D3-BF4B-00C04F79EFBC}") = "miapp.Droid", "Droid\miapp.Droid.csproj", "{C0689234-4371-491F-BC43-6564F7A4D5DC}"
EndProject
Global
	GlobalSection(SolutionConfigurationPlatforms) = preSolution
		Debug|Any CPU = Debug|Any CPU
		Release|Any CPU = Release|Any CPU
		Debug|iPhoneSimulator = Debug|iPhoneSimulator
		Release|iPhone = Release|iPhone
		Release|iPhoneSimulator = Release|iPhoneSimulator
		Debug|iPhone = Debug|iPhone
	EndGlobalSection
	GlobalSection(ProjectConfigurationPlatforms) = postSolution
		{A7D16864-1062-4730-9D21-85C1C4D9C452}.Debug|Any CPU.ActiveCfg = Debug|Any CPU
		{A7D16864-1062-4730-9D21-85C1C4D9C452}.Debug|Any CPU.Build.0 = Debug|Any CPU
		{A7D16864-1062-4730-9D21-85C1C4D9C452}.Release|Any CPU.ActiveCfg = Release|Any CPU
		{A7D16864-1062-4730-9D21-85C1C4D9C452}.Release|Any CPU.Build.0 = Release|Any CPU
		{A7D16864-1062-4730-9D21-85C1C4D9C452}.Debug|iPhoneSimulator.ActiveCfg = Debug|Any CPU
		{A7D16864-1062-4730-9D21-85C1C4D9C452}.Debug|iPhoneSimulator.Build.0 = Debug|Any CPU
		{A7D16864-1062-4730-9D21-85C1C4D9C452}.Release|iPhone.ActiveCfg = Release|Any CPU
		{A7D16864-1062-4730-9D21-85C1C4D9C452}.Release|iPhone.Build.0 = Release|Any CPU
		{A7D16864-1062-4730-9D21-85C1C4D9C452}.Release|iPhoneSimulator.ActiveCfg = Release|Any CPU
		{A7D16864-1062-4730-9D21-85C1C4D9C452}.Release|iPhoneSimulator.Build.0 = Release|Any CPU
		{A7D16864-1062-4730-9D21-85C1C4D9C452}.Debug|iPhone.ActiveCfg = Debug|Any CPU
		{A7D16864-1062-4730-9D21-85C1C4D9C452}.Debug|iPhone.Build.0 = Debug|Any CPU
		{FC144E10-5DE9-4CC4-A4BE-C6DD6B89F406}.Debug|Any CPU.ActiveCfg = Debug|iPhoneSimulator
		{FC144E10-5DE9-4CC4-A4BE-C6DD6B89F406}.Debug|Any CPU.Build.0 = Debug|iPhoneSimulator
		{FC144E10-5DE9-4CC4-A4BE-C6DD6B89F406}.Release|Any CPU.ActiveCfg = Release|iPhone
		{FC144E10-5DE9-4CC4-A4BE-C6DD6B89F406}.Release|Any CPU.Build.0 = Release|iPhone
		{FC144E10-5DE9-4CC4-A4BE-C6DD6B89F406}.Debug|iPhoneSimulator.ActiveCfg = Debug|iPhoneSimulator
		{FC144E10-5DE9-4CC4-A4BE-C6DD6B89F406}.Debug|iPhoneSimulator.Build.0 = Debug|iPhoneSimulator
		{FC144E10-5DE9-4CC4-A4BE-C6DD6B89F406}.Release|iPhone.ActiveCfg = Release|iPhone
		{FC144E10-5DE9-4CC4-A4BE-C6DD6B89F406}.Release|iPhone.Build.0 = Release|iPhone
		{FC144E10-5DE9-4CC4-A4BE-C6DD6B89F406}.Release|iPhoneSimulator.ActiveCfg = Release|iPhoneSimulator
		{FC144E10-5DE9-4CC4-A4BE-C6DD6B89F406}.Release|iPhoneSimulator.Build.0 = Release|iPhoneSimulator
		{FC144E10-5DE9-4CC4-A4BE-C6DD6B89F406}.Debug|iPhone.ActiveCfg = Debug|iPhone
		{FC144E10-5DE9-4CC4-A4BE-C6DD6B89F406}.Debug|iPhone.Build.0 = Debug|iPhone
		{C0689234-4371-491F-BC43-6564F7A4D5DC}.Debug|Any CPU.ActiveCfg = Debug|Any CPU
		{C0689234-4371-491F-BC43-6564F7A4D5DC}.Debug|Any CPU.Build.0 = Debug|Any CPU
		{C0689234-4371-491F-BC43-6564F7A4D5DC}.Release|Any CPU.ActiveCfg = Release|Any CPU
		{C0689234-4371-491F-BC43-6564F7A4D5DC}.Release|Any CPU.Build.0 = Release|Any CPU
		{C0689234-4371-491F-BC43-6564F7A4D5DC}.Debug|iPhoneSimulator.ActiveCfg = Debug|Any CPU
		{C0689234-4371-491F-BC43-6564F7A4D5DC}.Debug|iPhoneSimulator.Build.0 = Debug|Any CPU
		{C0689234-4371-491F-BC43-6564F7A4D5DC}.Release|iPhone.ActiveCfg = Release|Any CPU
		{C0689234-4371-491F-BC43-6564F7A4D5DC}.Release|iPhone.Build.0 = Release|Any CPU
		{C0689234-4371-491F-BC43-6564F7A4D5DC}.Release|iPhoneSimulator.ActiveCfg = Release|Any CPU
		{C0689234-4371-491F-BC43-6564F7A4D5DC}.Release|iPhoneSimulator.Build.0 = Release|Any CPU
		{C0689234-4371-491F-BC43-6564F7A4D5DC}.Debug|iPhone.ActiveCfg = Debug|Any CPU
		{C0689234-4371-491F-BC43-6564F7A4D5DC}.Debug|iPhone.Build.0 = Debug|Any CPU
	EndGlobalSection
EndGlobal
